// !$*UTF8*$!
{
	archiveVersion = 1;
	classes = {
	};
	objectVersion = 55;
	objects = {

/* Begin PBXBuildFile section */
		1D04BB04278466E100C3B561 /* UINavigationController+Appearance.swift in Sources */ = {isa = PBXBuildFile; fileRef = 1D04BB03278466E100C3B561 /* UINavigationController+Appearance.swift */; };
		1D0AA0762784ECA90071E8D6 /* RatingCircleView.swift in Sources */ = {isa = PBXBuildFile; fileRef = 1D0AA0752784ECA90071E8D6 /* RatingCircleView.swift */; };
		1D4471012784D5CE008E636B /* iMovieCardView.swift in Sources */ = {isa = PBXBuildFile; fileRef = 1D4471002784D5CE008E636B /* iMovieCardView.swift */; };
		1D8565DC278B26F9003B529A /* HomeView.swift in Sources */ = {isa = PBXBuildFile; fileRef = 1D8565DB278B26F9003B529A /* HomeView.swift */; };
		1D8565DE278B3FA2003B529A /* PageRouter.swift in Sources */ = {isa = PBXBuildFile; fileRef = 1D8565DD278B3FA2003B529A /* PageRouter.swift */; };
		1D8BE064278C497000BE7624 /* NavigationBarView.swift in Sources */ = {isa = PBXBuildFile; fileRef = 1D8BE063278C497000BE7624 /* NavigationBarView.swift */; };
		1D8BE066278C4A3500BE7624 /* CategoryPickerView.swift in Sources */ = {isa = PBXBuildFile; fileRef = 1D8BE065278C4A3500BE7624 /* CategoryPickerView.swift */; };
		1D8BE069278C4AFC00BE7624 /* MoviesView.swift in Sources */ = {isa = PBXBuildFile; fileRef = 1D8BE068278C4AFC00BE7624 /* MoviesView.swift */; };
		1DAF2AF52779F0F6003B10C7 /* Images.xcassets in Resources */ = {isa = PBXBuildFile; fileRef = 1DAF2AF42779F0F6003B10C7 /* Images.xcassets */; };
		1DB0AFE22783A1F2006779D5 /* LoginView.swift in Sources */ = {isa = PBXBuildFile; fileRef = 1DB0AFE12783A1F2006779D5 /* LoginView.swift */; };
		1DB0AFE42783A335006779D5 /* View+Placeholder.swift in Sources */ = {isa = PBXBuildFile; fileRef = 1DB0AFE32783A335006779D5 /* View+Placeholder.swift */; };
		1DBD0AB8277B44B300DC82C4 /* Poppins-Light.ttf in Resources */ = {isa = PBXBuildFile; fileRef = 1DBD0AB4277B44B300DC82C4 /* Poppins-Light.ttf */; };
		1DBD0AB9277B44B300DC82C4 /* Poppins-Bold.ttf in Resources */ = {isa = PBXBuildFile; fileRef = 1DBD0AB5277B44B300DC82C4 /* Poppins-Bold.ttf */; };
		1DBD0ABA277B44B300DC82C4 /* Poppins-Medium.ttf in Resources */ = {isa = PBXBuildFile; fileRef = 1DBD0AB6277B44B300DC82C4 /* Poppins-Medium.ttf */; };
		1DBD0ABB277B44B300DC82C4 /* Poppins-Regular.ttf in Resources */ = {isa = PBXBuildFile; fileRef = 1DBD0AB7277B44B300DC82C4 /* Poppins-Regular.ttf */; };
		1DBD99AF277B58C600CD080A /* Font+App.swift in Sources */ = {isa = PBXBuildFile; fileRef = 1DBD99AE277B58C600CD080A /* Font+App.swift */; };
		1DDAA3522778FEF200BDAE2B /* ProfileView.swift in Sources */ = {isa = PBXBuildFile; fileRef = 1DDAA3512778FEF200BDAE2B /* ProfileView.swift */; };
		1DDAA355277906FC00BDAE2B /* Colors.xcassets in Resources */ = {isa = PBXBuildFile; fileRef = 1DDAA354277906FC00BDAE2B /* Colors.xcassets */; };
		1DDAA3582779095000BDAE2B /* Color+App.swift in Sources */ = {isa = PBXBuildFile; fileRef = 1DDAA3572779095000BDAE2B /* Color+App.swift */; };
		1DFD1841277A610D003EE880 /* VisualEffectView.swift in Sources */ = {isa = PBXBuildFile; fileRef = 1DFD1840277A610D003EE880 /* VisualEffectView.swift */; };
		CE01CB452789101300E69190 /* LoginViewModel.swift in Sources */ = {isa = PBXBuildFile; fileRef = CE01CB442789101300E69190 /* LoginViewModel.swift */; };
		CE0260822792409800F725CC /* UIApplication+Windows.swift in Sources */ = {isa = PBXBuildFile; fileRef = CE0260812792409800F725CC /* UIApplication+Windows.swift */; };
		CE18CC4227933E3100D4FC1B /* ActorView.swift in Sources */ = {isa = PBXBuildFile; fileRef = CE18CC4127933E3100D4FC1B /* ActorView.swift */; };
		CE18CC44279350C100D4FC1B /* ActorsView.swift in Sources */ = {isa = PBXBuildFile; fileRef = CE18CC43279350C100D4FC1B /* ActorsView.swift */; };
		CE38F0A2277BB44A00B148FC /* Art-Brewery.ttf in Resources */ = {isa = PBXBuildFile; fileRef = CE38F0A1277BB3A400B148FC /* Art-Brewery.ttf */; };
		CE38F0A4277BB89600B148FC /* Daniel-Davis.ttf in Resources */ = {isa = PBXBuildFile; fileRef = CE38F0A3277BB89600B148FC /* Daniel-Davis.ttf */; };
		CE38F0A6277BB8BA00B148FC /* Vonique-64.ttf in Resources */ = {isa = PBXBuildFile; fileRef = CE38F0A5277BB8BA00B148FC /* Vonique-64.ttf */; };
		CE38F0AA277BD00F00B148FC /* panda.json in Resources */ = {isa = PBXBuildFile; fileRef = CE38F0A9277BD00F00B148FC /* panda.json */; };
		CE38F0AD277BD2AB00B148FC /* panda-fly.json in Resources */ = {isa = PBXBuildFile; fileRef = CE38F0AC277BD2AB00B148FC /* panda-fly.json */; };
		CE41C164277E20A9009E4FF6 /* AppState.swift in Sources */ = {isa = PBXBuildFile; fileRef = CE41C163277E20A9009E4FF6 /* AppState.swift */; };
		CE5E89D9279393B3000F3890 /* iMovieService.framework in Copy Frameworks */ = {isa = PBXBuildFile; fileRef = CE5E89D72793938F000F3890 /* iMovieService.framework */; settings = {ATTRIBUTES = (CodeSignOnCopy, RemoveHeadersOnCopy, ); }; };
		CE96BA972778C13200CB7C08 /* splash_iMovie.json in Resources */ = {isa = PBXBuildFile; fileRef = CE96BA952778C13200CB7C08 /* splash_iMovie.json */; };
		CE96BA982778C13200CB7C08 /* watch_movie.json in Resources */ = {isa = PBXBuildFile; fileRef = CE96BA962778C13200CB7C08 /* watch_movie.json */; };
		CE96BA9B2778C19B00CB7C08 /* LottieView.swift in Sources */ = {isa = PBXBuildFile; fileRef = CE96BA9A2778C19B00CB7C08 /* LottieView.swift */; };
		CEA2A03B279C8F1400A0262F /* SearchView.swift in Sources */ = {isa = PBXBuildFile; fileRef = CEA2A03A279C8F1400A0262F /* SearchView.swift */; };
		CEA2A03E279C8F4200A0262F /* SearchViewModel.swift in Sources */ = {isa = PBXBuildFile; fileRef = CEA2A03D279C8F4200A0262F /* SearchViewModel.swift */; };
		CEA2A048279C926300A0262F /* MovieViewModel.swift in Sources */ = {isa = PBXBuildFile; fileRef = CEA2A047279C926300A0262F /* MovieViewModel.swift */; };
		CEA2A04A279C9E5600A0262F /* SearchMovieCardView.swift in Sources */ = {isa = PBXBuildFile; fileRef = CEA2A049279C9E5600A0262F /* SearchMovieCardView.swift */; };
		CEA2A04C279C9FAF00A0262F /* Double+Extensions.swift in Sources */ = {isa = PBXBuildFile; fileRef = CEA2A04B279C9FAF00A0262F /* Double+Extensions.swift */; };
		CEA2A04E279CAE5200A0262F /* StarsView.swift in Sources */ = {isa = PBXBuildFile; fileRef = CEA2A04D279CAE5200A0262F /* StarsView.swift */; };
		CEC3F16E278BB421006588FE /* TabBarIcon.swift in Sources */ = {isa = PBXBuildFile; fileRef = CEC3F16D278BB421006588FE /* TabBarIcon.swift */; };
		CEC806E02788D11600207F38 /* GradientBackground.swift in Sources */ = {isa = PBXBuildFile; fileRef = CEC806DF2788D11600207F38 /* GradientBackground.swift */; };
		CEC806E32788D22F00207F38 /* FancyTextField.swift in Sources */ = {isa = PBXBuildFile; fileRef = CEC806E22788D22F00207F38 /* FancyTextField.swift */; };
		CEF514FF27962941007EF272 /* ActorsViewModel.swift in Sources */ = {isa = PBXBuildFile; fileRef = CEF514FE27962941007EF272 /* ActorsViewModel.swift */; };
		CEF5150327962AB9007EF272 /* ActorViewModel.swift in Sources */ = {isa = PBXBuildFile; fileRef = CEF5150227962AB9007EF272 /* ActorViewModel.swift */; };
		CEF515062796346C007EF272 /* URLImage.swift in Sources */ = {isa = PBXBuildFile; fileRef = CEF515052796346C007EF272 /* URLImage.swift */; };
		CEF85F642777A82B00517ED7 /* iMovieApp.swift in Sources */ = {isa = PBXBuildFile; fileRef = CEF85F632777A82B00517ED7 /* iMovieApp.swift */; };
		CEF85F662777A82B00517ED7 /* SplashView.swift in Sources */ = {isa = PBXBuildFile; fileRef = CEF85F652777A82B00517ED7 /* SplashView.swift */; };
		CEF85F682777A82D00517ED7 /* Assets.xcassets in Resources */ = {isa = PBXBuildFile; fileRef = CEF85F672777A82D00517ED7 /* Assets.xcassets */; };
		CEF85F6B2777A82D00517ED7 /* Preview Assets.xcassets in Resources */ = {isa = PBXBuildFile; fileRef = CEF85F6A2777A82D00517ED7 /* Preview Assets.xcassets */; };
		CEFA54F3279F6CC400C9F0D4 /* LoadingCircle.swift in Sources */ = {isa = PBXBuildFile; fileRef = CEFA54F2279F6CC400C9F0D4 /* LoadingCircle.swift */; };
		CEFC36CE278A480F00BB42A7 /* PasswordTextField.swift in Sources */ = {isa = PBXBuildFile; fileRef = CEFC36CD278A480F00BB42A7 /* PasswordTextField.swift */; };
		E0735B300434C5746A8B57B6 /* Pods_iMovie.framework in Frameworks */ = {isa = PBXBuildFile; fileRef = 9040256661AB9646CACA01ED /* Pods_iMovie.framework */; };
/* End PBXBuildFile section */

/* Begin PBXContainerItemProxy section */
		CE5E89D62793938F000F3890 /* PBXContainerItemProxy */ = {
			isa = PBXContainerItemProxy;
			containerPortal = CE5E89D22793938F000F3890 /* iMovieService.xcodeproj */;
			proxyType = 2;
			remoteGlobalIDString = CE2103C027938B22007C0F39;
			remoteInfo = iMovieService;
		};
/* End PBXContainerItemProxy section */

/* Begin PBXCopyFilesBuildPhase section */
		CE5E89D8279393A4000F3890 /* Copy Frameworks */ = {
			isa = PBXCopyFilesBuildPhase;
			buildActionMask = 2147483647;
			dstPath = "";
			dstSubfolderSpec = 10;
			files = (
				CE5E89D9279393B3000F3890 /* iMovieService.framework in Copy Frameworks */,
			);
			name = "Copy Frameworks";
			runOnlyForDeploymentPostprocessing = 0;
		};
/* End PBXCopyFilesBuildPhase section */

/* Begin PBXFileReference section */
		1D04BB03278466E100C3B561 /* UINavigationController+Appearance.swift */ = {isa = PBXFileReference; lastKnownFileType = sourcecode.swift; path = "UINavigationController+Appearance.swift"; sourceTree = "<group>"; };
		1D0AA0752784ECA90071E8D6 /* RatingCircleView.swift */ = {isa = PBXFileReference; lastKnownFileType = sourcecode.swift; path = RatingCircleView.swift; sourceTree = "<group>"; };
		1D4471002784D5CE008E636B /* iMovieCardView.swift */ = {isa = PBXFileReference; fileEncoding = 4; lastKnownFileType = sourcecode.swift; path = iMovieCardView.swift; sourceTree = "<group>"; };
		1D8565DB278B26F9003B529A /* HomeView.swift */ = {isa = PBXFileReference; lastKnownFileType = sourcecode.swift; path = HomeView.swift; sourceTree = "<group>"; };
		1D8565DD278B3FA2003B529A /* PageRouter.swift */ = {isa = PBXFileReference; lastKnownFileType = sourcecode.swift; path = PageRouter.swift; sourceTree = "<group>"; };
		1D8BE063278C497000BE7624 /* NavigationBarView.swift */ = {isa = PBXFileReference; lastKnownFileType = sourcecode.swift; path = NavigationBarView.swift; sourceTree = "<group>"; };
		1D8BE065278C4A3500BE7624 /* CategoryPickerView.swift */ = {isa = PBXFileReference; lastKnownFileType = sourcecode.swift; path = CategoryPickerView.swift; sourceTree = "<group>"; };
		1D8BE068278C4AFC00BE7624 /* MoviesView.swift */ = {isa = PBXFileReference; lastKnownFileType = sourcecode.swift; path = MoviesView.swift; sourceTree = "<group>"; };
		1DAF2AF42779F0F6003B10C7 /* Images.xcassets */ = {isa = PBXFileReference; lastKnownFileType = folder.assetcatalog; path = Images.xcassets; sourceTree = "<group>"; };
		1DB0AFE12783A1F2006779D5 /* LoginView.swift */ = {isa = PBXFileReference; fileEncoding = 4; lastKnownFileType = sourcecode.swift; path = LoginView.swift; sourceTree = "<group>"; };
		1DB0AFE32783A335006779D5 /* View+Placeholder.swift */ = {isa = PBXFileReference; fileEncoding = 4; lastKnownFileType = sourcecode.swift; path = "View+Placeholder.swift"; sourceTree = "<group>"; };
		1DBD0AB4277B44B300DC82C4 /* Poppins-Light.ttf */ = {isa = PBXFileReference; lastKnownFileType = file; path = "Poppins-Light.ttf"; sourceTree = "<group>"; };
		1DBD0AB5277B44B300DC82C4 /* Poppins-Bold.ttf */ = {isa = PBXFileReference; lastKnownFileType = file; path = "Poppins-Bold.ttf"; sourceTree = "<group>"; };
		1DBD0AB6277B44B300DC82C4 /* Poppins-Medium.ttf */ = {isa = PBXFileReference; lastKnownFileType = file; path = "Poppins-Medium.ttf"; sourceTree = "<group>"; };
		1DBD0AB7277B44B300DC82C4 /* Poppins-Regular.ttf */ = {isa = PBXFileReference; lastKnownFileType = file; path = "Poppins-Regular.ttf"; sourceTree = "<group>"; };
		1DBD99AB277B583D00CD080A /* Info.plist */ = {isa = PBXFileReference; lastKnownFileType = text.plist.xml; path = Info.plist; sourceTree = "<group>"; };
		1DBD99AE277B58C600CD080A /* Font+App.swift */ = {isa = PBXFileReference; lastKnownFileType = sourcecode.swift; path = "Font+App.swift"; sourceTree = "<group>"; };
		1DDAA3512778FEF200BDAE2B /* ProfileView.swift */ = {isa = PBXFileReference; lastKnownFileType = sourcecode.swift; path = ProfileView.swift; sourceTree = "<group>"; };
		1DDAA354277906FC00BDAE2B /* Colors.xcassets */ = {isa = PBXFileReference; lastKnownFileType = folder.assetcatalog; path = Colors.xcassets; sourceTree = "<group>"; };
		1DDAA3572779095000BDAE2B /* Color+App.swift */ = {isa = PBXFileReference; lastKnownFileType = sourcecode.swift; path = "Color+App.swift"; sourceTree = "<group>"; };
		1DFD1840277A610D003EE880 /* VisualEffectView.swift */ = {isa = PBXFileReference; lastKnownFileType = sourcecode.swift; path = VisualEffectView.swift; sourceTree = "<group>"; };
		458ABE4AE6C093C3075B7735 /* Pods-iMovie.debug.xcconfig */ = {isa = PBXFileReference; includeInIndex = 1; lastKnownFileType = text.xcconfig; name = "Pods-iMovie.debug.xcconfig"; path = "Target Support Files/Pods-iMovie/Pods-iMovie.debug.xcconfig"; sourceTree = "<group>"; };
		9040256661AB9646CACA01ED /* Pods_iMovie.framework */ = {isa = PBXFileReference; explicitFileType = wrapper.framework; includeInIndex = 0; path = Pods_iMovie.framework; sourceTree = BUILT_PRODUCTS_DIR; };
		C7C5ACE2C30C85000DD6DBBA /* Pods-iMovie.release.xcconfig */ = {isa = PBXFileReference; includeInIndex = 1; lastKnownFileType = text.xcconfig; name = "Pods-iMovie.release.xcconfig"; path = "Target Support Files/Pods-iMovie/Pods-iMovie.release.xcconfig"; sourceTree = "<group>"; };
		CE01CB442789101300E69190 /* LoginViewModel.swift */ = {isa = PBXFileReference; lastKnownFileType = sourcecode.swift; path = LoginViewModel.swift; sourceTree = "<group>"; };
		CE0260812792409800F725CC /* UIApplication+Windows.swift */ = {isa = PBXFileReference; lastKnownFileType = sourcecode.swift; path = "UIApplication+Windows.swift"; sourceTree = "<group>"; };
		CE18CC4127933E3100D4FC1B /* ActorView.swift */ = {isa = PBXFileReference; lastKnownFileType = sourcecode.swift; path = ActorView.swift; sourceTree = "<group>"; };
		CE18CC43279350C100D4FC1B /* ActorsView.swift */ = {isa = PBXFileReference; lastKnownFileType = sourcecode.swift; path = ActorsView.swift; sourceTree = "<group>"; };
		CE38F0A1277BB3A400B148FC /* Art-Brewery.ttf */ = {isa = PBXFileReference; lastKnownFileType = file; path = "Art-Brewery.ttf"; sourceTree = "<group>"; };
		CE38F0A3277BB89600B148FC /* Daniel-Davis.ttf */ = {isa = PBXFileReference; lastKnownFileType = file; path = "Daniel-Davis.ttf"; sourceTree = "<group>"; };
		CE38F0A5277BB8BA00B148FC /* Vonique-64.ttf */ = {isa = PBXFileReference; lastKnownFileType = file; path = "Vonique-64.ttf"; sourceTree = "<group>"; };
		CE38F0A9277BD00F00B148FC /* panda.json */ = {isa = PBXFileReference; fileEncoding = 4; lastKnownFileType = text.json; path = panda.json; sourceTree = "<group>"; };
		CE38F0AC277BD2AB00B148FC /* panda-fly.json */ = {isa = PBXFileReference; fileEncoding = 4; lastKnownFileType = text.json; path = "panda-fly.json"; sourceTree = "<group>"; };
		CE41C163277E20A9009E4FF6 /* AppState.swift */ = {isa = PBXFileReference; lastKnownFileType = sourcecode.swift; path = AppState.swift; sourceTree = "<group>"; };
		CE5E89D22793938F000F3890 /* iMovieService.xcodeproj */ = {isa = PBXFileReference; lastKnownFileType = "wrapper.pb-project"; name = iMovieService.xcodeproj; path = iMovieService/iMovieService.xcodeproj; sourceTree = SOURCE_ROOT; };
		CE96BA952778C13200CB7C08 /* splash_iMovie.json */ = {isa = PBXFileReference; fileEncoding = 4; lastKnownFileType = text.json; path = splash_iMovie.json; sourceTree = "<group>"; };
		CE96BA962778C13200CB7C08 /* watch_movie.json */ = {isa = PBXFileReference; fileEncoding = 4; lastKnownFileType = text.json; path = watch_movie.json; sourceTree = "<group>"; };
		CE96BA9A2778C19B00CB7C08 /* LottieView.swift */ = {isa = PBXFileReference; lastKnownFileType = sourcecode.swift; path = LottieView.swift; sourceTree = "<group>"; };
		CEA2A03A279C8F1400A0262F /* SearchView.swift */ = {isa = PBXFileReference; lastKnownFileType = sourcecode.swift; path = SearchView.swift; sourceTree = "<group>"; };
		CEA2A03D279C8F4200A0262F /* SearchViewModel.swift */ = {isa = PBXFileReference; lastKnownFileType = sourcecode.swift; path = SearchViewModel.swift; sourceTree = "<group>"; };
		CEA2A047279C926300A0262F /* MovieViewModel.swift */ = {isa = PBXFileReference; lastKnownFileType = sourcecode.swift; path = MovieViewModel.swift; sourceTree = "<group>"; };
		CEA2A049279C9E5600A0262F /* SearchMovieCardView.swift */ = {isa = PBXFileReference; lastKnownFileType = sourcecode.swift; path = SearchMovieCardView.swift; sourceTree = "<group>"; };
		CEA2A04B279C9FAF00A0262F /* Double+Extensions.swift */ = {isa = PBXFileReference; lastKnownFileType = sourcecode.swift; path = "Double+Extensions.swift"; sourceTree = "<group>"; };
		CEA2A04D279CAE5200A0262F /* StarsView.swift */ = {isa = PBXFileReference; lastKnownFileType = sourcecode.swift; path = StarsView.swift; sourceTree = "<group>"; };
		CEC3F16D278BB421006588FE /* TabBarIcon.swift */ = {isa = PBXFileReference; lastKnownFileType = sourcecode.swift; path = TabBarIcon.swift; sourceTree = "<group>"; };
		CEC806DF2788D11600207F38 /* GradientBackground.swift */ = {isa = PBXFileReference; lastKnownFileType = sourcecode.swift; path = GradientBackground.swift; sourceTree = "<group>"; };
		CEC806E22788D22F00207F38 /* FancyTextField.swift */ = {isa = PBXFileReference; lastKnownFileType = sourcecode.swift; path = FancyTextField.swift; sourceTree = "<group>"; };
		CEF514FE27962941007EF272 /* ActorsViewModel.swift */ = {isa = PBXFileReference; lastKnownFileType = sourcecode.swift; path = ActorsViewModel.swift; sourceTree = "<group>"; };
		CEF5150227962AB9007EF272 /* ActorViewModel.swift */ = {isa = PBXFileReference; lastKnownFileType = sourcecode.swift; path = ActorViewModel.swift; sourceTree = "<group>"; };
		CEF515052796346C007EF272 /* URLImage.swift */ = {isa = PBXFileReference; lastKnownFileType = sourcecode.swift; path = URLImage.swift; sourceTree = "<group>"; };
		CEF85F602777A82B00517ED7 /* iMovie.app */ = {isa = PBXFileReference; explicitFileType = wrapper.application; includeInIndex = 0; path = iMovie.app; sourceTree = BUILT_PRODUCTS_DIR; };
		CEF85F632777A82B00517ED7 /* iMovieApp.swift */ = {isa = PBXFileReference; lastKnownFileType = sourcecode.swift; path = iMovieApp.swift; sourceTree = "<group>"; };
		CEF85F652777A82B00517ED7 /* SplashView.swift */ = {isa = PBXFileReference; lastKnownFileType = sourcecode.swift; path = SplashView.swift; sourceTree = "<group>"; };
		CEF85F672777A82D00517ED7 /* Assets.xcassets */ = {isa = PBXFileReference; lastKnownFileType = folder.assetcatalog; path = Assets.xcassets; sourceTree = "<group>"; };
		CEF85F6A2777A82D00517ED7 /* Preview Assets.xcassets */ = {isa = PBXFileReference; lastKnownFileType = folder.assetcatalog; path = "Preview Assets.xcassets"; sourceTree = "<group>"; };
		CEFA54F2279F6CC400C9F0D4 /* LoadingCircle.swift */ = {isa = PBXFileReference; lastKnownFileType = sourcecode.swift; path = LoadingCircle.swift; sourceTree = "<group>"; };
		CEFC36CD278A480F00BB42A7 /* PasswordTextField.swift */ = {isa = PBXFileReference; lastKnownFileType = sourcecode.swift; path = PasswordTextField.swift; sourceTree = "<group>"; };
/* End PBXFileReference section */

/* Begin PBXFrameworksBuildPhase section */
		CEF85F5D2777A82B00517ED7 /* Frameworks */ = {
			isa = PBXFrameworksBuildPhase;
			buildActionMask = 2147483647;
			files = (
				E0735B300434C5746A8B57B6 /* Pods_iMovie.framework in Frameworks */,
			);
			runOnlyForDeploymentPostprocessing = 0;
		};
/* End PBXFrameworksBuildPhase section */

/* Begin PBXGroup section */
		1D8565DA278B26E3003B529A /* Home */ = {
			isa = PBXGroup;
			children = (
				CEC3F171278BB468006588FE /* Router */,
				CEC3F16C278BB400006588FE /* View */,
			);
			path = Home;
			sourceTree = "<group>";
		};
		1D8BE067278C4AB700BE7624 /* Movies */ = {
			isa = PBXGroup;
			children = (
				CE02608027923D2400F725CC /* View */,
			);
			path = Movies;
			sourceTree = "<group>";
		};
		1DB0AFE02783A1F2006779D5 /* Login */ = {
			isa = PBXGroup;
			children = (
				1DB0AFE12783A1F2006779D5 /* LoginView.swift */,
				CE01CB442789101300E69190 /* LoginViewModel.swift */,
			);
			path = Login;
			sourceTree = "<group>";
		};
		1DBD0AB3277B43AA00DC82C4 /* Fonts */ = {
			isa = PBXGroup;
			children = (
				CE38F0A3277BB89600B148FC /* Daniel-Davis.ttf */,
				CE38F0A5277BB8BA00B148FC /* Vonique-64.ttf */,
				CE38F0A1277BB3A400B148FC /* Art-Brewery.ttf */,
				1DBD0AB5277B44B300DC82C4 /* Poppins-Bold.ttf */,
				1DBD0AB4277B44B300DC82C4 /* Poppins-Light.ttf */,
				1DBD0AB6277B44B300DC82C4 /* Poppins-Medium.ttf */,
				1DBD0AB7277B44B300DC82C4 /* Poppins-Regular.ttf */,
			);
			path = Fonts;
			sourceTree = "<group>";
		};
		1DC3DEE4277B9CA70035226A /* Supporting Files */ = {
			isa = PBXGroup;
			children = (
				1DBD99AB277B583D00CD080A /* Info.plist */,
			);
			path = "Supporting Files";
			sourceTree = "<group>";
		};
		1DDAA3502778FEE300BDAE2B /* Profile */ = {
			isa = PBXGroup;
			children = (
				1DDAA3512778FEF200BDAE2B /* ProfileView.swift */,
			);
			path = Profile;
			sourceTree = "<group>";
		};
		1DDAA3562779090900BDAE2B /* Extensions */ = {
			isa = PBXGroup;
			children = (
				1DB0AFE32783A335006779D5 /* View+Placeholder.swift */,
				1DDAA3572779095000BDAE2B /* Color+App.swift */,
				1DBD99AE277B58C600CD080A /* Font+App.swift */,
				1D04BB03278466E100C3B561 /* UINavigationController+Appearance.swift */,
				CE0260812792409800F725CC /* UIApplication+Windows.swift */,
				CEA2A04B279C9FAF00A0262F /* Double+Extensions.swift */,
			);
			path = Extensions;
			sourceTree = "<group>";
		};
		4A37619732C19FF38494AA1B /* Frameworks */ = {
			isa = PBXGroup;
			children = (
				9040256661AB9646CACA01ED /* Pods_iMovie.framework */,
			);
			name = Frameworks;
			sourceTree = "<group>";
		};
		8B08C31B3A878D0E6E06BE9A /* Pods */ = {
			isa = PBXGroup;
			children = (
				458ABE4AE6C093C3075B7735 /* Pods-iMovie.debug.xcconfig */,
				C7C5ACE2C30C85000DD6DBBA /* Pods-iMovie.release.xcconfig */,
			);
			path = Pods;
			sourceTree = "<group>";
		};
		CE02608027923D2400F725CC /* View */ = {
			isa = PBXGroup;
			children = (
				1D8BE068278C4AFC00BE7624 /* MoviesView.swift */,
				1D8BE065278C4A3500BE7624 /* CategoryPickerView.swift */,
				1D4471002784D5CE008E636B /* iMovieCardView.swift */,
			);
			path = View;
			sourceTree = "<group>";
		};
		CE18CC3F27933E0700D4FC1B /* Actors */ = {
			isa = PBXGroup;
			children = (
				CE18CC4027933E1700D4FC1B /* Views */,
				CEF5150027962A8E007EF272 /* Models */,
				CEF5150127962A94007EF272 /* View Models */,
			);
			path = Actors;
			sourceTree = "<group>";
		};
		CE18CC4027933E1700D4FC1B /* Views */ = {
			isa = PBXGroup;
			children = (
				CE18CC43279350C100D4FC1B /* ActorsView.swift */,
				CE18CC4127933E3100D4FC1B /* ActorView.swift */,
			);
			path = Views;
			sourceTree = "<group>";
		};
		CE38F0AB277BD01200B148FC /* Assets */ = {
			isa = PBXGroup;
			children = (
				CEF85F672777A82D00517ED7 /* Assets.xcassets */,
				1DDAA354277906FC00BDAE2B /* Colors.xcassets */,
				1DAF2AF42779F0F6003B10C7 /* Images.xcassets */,
			);
			path = Assets;
			sourceTree = "<group>";
		};
		CE5E89D32793938F000F3890 /* Products */ = {
			isa = PBXGroup;
			children = (
				CE5E89D72793938F000F3890 /* iMovieService.framework */,
			);
			name = Products;
			sourceTree = "<group>";
		};
		CE6C2E79279392FC007275A6 /* Dependencies */ = {
			isa = PBXGroup;
			children = (
				CE5E89D22793938F000F3890 /* iMovieService.xcodeproj */,
			);
			path = Dependencies;
			sourceTree = "<group>";
		};
		CE96BA942778C13200CB7C08 /* Lottie */ = {
			isa = PBXGroup;
			children = (
				CE38F0AC277BD2AB00B148FC /* panda-fly.json */,
				CE38F0A9277BD00F00B148FC /* panda.json */,
				CE96BA952778C13200CB7C08 /* splash_iMovie.json */,
				CE96BA962778C13200CB7C08 /* watch_movie.json */,
			);
			path = Lottie;
			sourceTree = "<group>";
		};
		CE96BA992778C14F00CB7C08 /* Views */ = {
			isa = PBXGroup;
			children = (
				CE96BA9A2778C19B00CB7C08 /* LottieView.swift */,
				1DFD1840277A610D003EE880 /* VisualEffectView.swift */,
				1D0AA0752784ECA90071E8D6 /* RatingCircleView.swift */,
				CEC806E22788D22F00207F38 /* FancyTextField.swift */,
				CEFC36CD278A480F00BB42A7 /* PasswordTextField.swift */,
				1D8BE063278C497000BE7624 /* NavigationBarView.swift */,
				CEF515052796346C007EF272 /* URLImage.swift */,
				CEA2A04D279CAE5200A0262F /* StarsView.swift */,
				CEFA54F2279F6CC400C9F0D4 /* LoadingCircle.swift */,
			);
			path = Views;
			sourceTree = "<group>";
		};
		CEA2A037279C8E7200A0262F /* Search */ = {
			isa = PBXGroup;
			children = (
				CEA2A046279C925300A0262F /* Models */,
				CEA2A03C279C8F3300A0262F /* View Models */,
				CEA2A039279C8E7900A0262F /* Views */,
			);
			path = Search;
			sourceTree = "<group>";
		};
		CEA2A039279C8E7900A0262F /* Views */ = {
			isa = PBXGroup;
			children = (
				CEA2A03A279C8F1400A0262F /* SearchView.swift */,
				CEA2A049279C9E5600A0262F /* SearchMovieCardView.swift */,
			);
			path = Views;
			sourceTree = "<group>";
		};
		CEA2A03C279C8F3300A0262F /* View Models */ = {
			isa = PBXGroup;
			children = (
				CEA2A03D279C8F4200A0262F /* SearchViewModel.swift */,
			);
			path = "View Models";
			sourceTree = "<group>";
		};
		CEA2A046279C925300A0262F /* Models */ = {
			isa = PBXGroup;
			children = (
				CEA2A047279C926300A0262F /* MovieViewModel.swift */,
			);
			path = Models;
			sourceTree = "<group>";
		};
		CEC3F16C278BB400006588FE /* View */ = {
			isa = PBXGroup;
			children = (
				1D8565DB278B26F9003B529A /* HomeView.swift */,
				CEC3F16D278BB421006588FE /* TabBarIcon.swift */,
			);
			path = View;
			sourceTree = "<group>";
		};
		CEC3F171278BB468006588FE /* Router */ = {
			isa = PBXGroup;
			children = (
				1D8565DD278B3FA2003B529A /* PageRouter.swift */,
			);
			path = Router;
			sourceTree = "<group>";
		};
		CEC5221F2778B85A00F76DEA /* Resources */ = {
			isa = PBXGroup;
			children = (
				CE38F0AB277BD01200B148FC /* Assets */,
				1DBD0AB3277B43AA00DC82C4 /* Fonts */,
				CE96BA942778C13200CB7C08 /* Lottie */,
			);
			path = Resources;
			sourceTree = "<group>";
		};
		CEC522212778B88000F76DEA /* App */ = {
			isa = PBXGroup;
			children = (
				CE41C163277E20A9009E4FF6 /* AppState.swift */,
				CEF85F632777A82B00517ED7 /* iMovieApp.swift */,
			);
			path = App;
			sourceTree = "<group>";
		};
		CEC522222778B88C00F76DEA /* Scenes */ = {
			isa = PBXGroup;
			children = (
				CEA2A037279C8E7200A0262F /* Search */,
				CE18CC3F27933E0700D4FC1B /* Actors */,
				1D8BE067278C4AB700BE7624 /* Movies */,
				1D8565DA278B26E3003B529A /* Home */,
				1DB0AFE02783A1F2006779D5 /* Login */,
				1DDAA3502778FEE300BDAE2B /* Profile */,
				CEC522232778B8A200F76DEA /* Splash */,
			);
			path = Scenes;
			sourceTree = "<group>";
		};
		CEC522232778B8A200F76DEA /* Splash */ = {
			isa = PBXGroup;
			children = (
				CEF85F652777A82B00517ED7 /* SplashView.swift */,
			);
			path = Splash;
			sourceTree = "<group>";
		};
		CEC806DE2788D0ED00207F38 /* Styles */ = {
			isa = PBXGroup;
			children = (
				CEC806E12788D12E00207F38 /* Button */,
			);
			path = Styles;
			sourceTree = "<group>";
		};
		CEC806E12788D12E00207F38 /* Button */ = {
			isa = PBXGroup;
			children = (
				CEC806DF2788D11600207F38 /* GradientBackground.swift */,
			);
			path = Button;
			sourceTree = "<group>";
		};
		CEF5150027962A8E007EF272 /* Models */ = {
			isa = PBXGroup;
			children = (
				CEF5150227962AB9007EF272 /* ActorViewModel.swift */,
			);
			path = Models;
			sourceTree = "<group>";
		};
		CEF5150127962A94007EF272 /* View Models */ = {
			isa = PBXGroup;
			children = (
				CEF514FE27962941007EF272 /* ActorsViewModel.swift */,
			);
			path = "View Models";
			sourceTree = "<group>";
		};
		CEF85F572777A82B00517ED7 = {
			isa = PBXGroup;
			children = (
				CEF85F622777A82B00517ED7 /* iMovie */,
				CEF85F612777A82B00517ED7 /* Products */,
				8B08C31B3A878D0E6E06BE9A /* Pods */,
				4A37619732C19FF38494AA1B /* Frameworks */,
			);
			sourceTree = "<group>";
		};
		CEF85F612777A82B00517ED7 /* Products */ = {
			isa = PBXGroup;
			children = (
				CEF85F602777A82B00517ED7 /* iMovie.app */,
			);
			name = Products;
			sourceTree = "<group>";
		};
		CEF85F622777A82B00517ED7 /* iMovie */ = {
			isa = PBXGroup;
			children = (
				CE6C2E79279392FC007275A6 /* Dependencies */,
				CEC522212778B88000F76DEA /* App */,
				1DC3DEE4277B9CA70035226A /* Supporting Files */,
				CEC5221F2778B85A00F76DEA /* Resources */,
				CEC522222778B88C00F76DEA /* Scenes */,
				CE96BA992778C14F00CB7C08 /* Views */,
				CEC806DE2788D0ED00207F38 /* Styles */,
				1DDAA3562779090900BDAE2B /* Extensions */,
				CEF85F692777A82D00517ED7 /* Preview Content */,
			);
			path = iMovie;
			sourceTree = "<group>";
		};
		CEF85F692777A82D00517ED7 /* Preview Content */ = {
			isa = PBXGroup;
			children = (
				CEF85F6A2777A82D00517ED7 /* Preview Assets.xcassets */,
			);
			path = "Preview Content";
			sourceTree = "<group>";
		};
/* End PBXGroup section */

/* Begin PBXNativeTarget section */
		CEF85F5F2777A82B00517ED7 /* iMovie */ = {
			isa = PBXNativeTarget;
			buildConfigurationList = CEF85F6E2777A82D00517ED7 /* Build configuration list for PBXNativeTarget "iMovie" */;
			buildPhases = (
				E75D6AA3E33807E0F6221C55 /* [CP] Check Pods Manifest.lock */,
				CEF85F5C2777A82B00517ED7 /* Sources */,
				CEF85F5D2777A82B00517ED7 /* Frameworks */,
				CEF85F5E2777A82B00517ED7 /* Resources */,
				25E1D024610EF24BF69BCDF6 /* [CP] Embed Pods Frameworks */,
				CE5E89D8279393A4000F3890 /* Copy Frameworks */,
			);
			buildRules = (
			);
			dependencies = (
			);
			name = iMovie;
			productName = iMovie;
			productReference = CEF85F602777A82B00517ED7 /* iMovie.app */;
			productType = "com.apple.product-type.application";
		};
/* End PBXNativeTarget section */

/* Begin PBXProject section */
		CEF85F582777A82B00517ED7 /* Project object */ = {
			isa = PBXProject;
			attributes = {
				BuildIndependentTargetsInParallel = 1;
				LastSwiftUpdateCheck = 1300;
				LastUpgradeCheck = 1300;
				TargetAttributes = {
					CEF85F5F2777A82B00517ED7 = {
						CreatedOnToolsVersion = 13.0;
					};
				};
			};
			buildConfigurationList = CEF85F5B2777A82B00517ED7 /* Build configuration list for PBXProject "iMovie" */;
			compatibilityVersion = "Xcode 13.0";
			developmentRegion = en;
			hasScannedForEncodings = 0;
			knownRegions = (
				en,
				Base,
			);
			mainGroup = CEF85F572777A82B00517ED7;
			productRefGroup = CEF85F612777A82B00517ED7 /* Products */;
			projectDirPath = "";
			projectReferences = (
				{
					ProductGroup = CE5E89D32793938F000F3890 /* Products */;
					ProjectRef = CE5E89D22793938F000F3890 /* iMovieService.xcodeproj */;
				},
			);
			projectRoot = "";
			targets = (
				CEF85F5F2777A82B00517ED7 /* iMovie */,
			);
		};
/* End PBXProject section */

/* Begin PBXReferenceProxy section */
		CE5E89D72793938F000F3890 /* iMovieService.framework */ = {
			isa = PBXReferenceProxy;
			fileType = wrapper.framework;
			path = iMovieService.framework;
			remoteRef = CE5E89D62793938F000F3890 /* PBXContainerItemProxy */;
			sourceTree = BUILT_PRODUCTS_DIR;
		};
/* End PBXReferenceProxy section */

/* Begin PBXResourcesBuildPhase section */
		CEF85F5E2777A82B00517ED7 /* Resources */ = {
			isa = PBXResourcesBuildPhase;
			buildActionMask = 2147483647;
			files = (
				1DBD0AB8277B44B300DC82C4 /* Poppins-Light.ttf in Resources */,
				1DDAA355277906FC00BDAE2B /* Colors.xcassets in Resources */,
				CE38F0AA277BD00F00B148FC /* panda.json in Resources */,
				CEF85F6B2777A82D00517ED7 /* Preview Assets.xcassets in Resources */,
				1DBD0AB9277B44B300DC82C4 /* Poppins-Bold.ttf in Resources */,
				CE96BA972778C13200CB7C08 /* splash_iMovie.json in Resources */,
				1DAF2AF52779F0F6003B10C7 /* Images.xcassets in Resources */,
				1DBD0ABA277B44B300DC82C4 /* Poppins-Medium.ttf in Resources */,
				CE38F0AD277BD2AB00B148FC /* panda-fly.json in Resources */,
				CE96BA982778C13200CB7C08 /* watch_movie.json in Resources */,
				CE38F0A4277BB89600B148FC /* Daniel-Davis.ttf in Resources */,
				CEF85F682777A82D00517ED7 /* Assets.xcassets in Resources */,
				CE38F0A6277BB8BA00B148FC /* Vonique-64.ttf in Resources */,
				CE38F0A2277BB44A00B148FC /* Art-Brewery.ttf in Resources */,
				1DBD0ABB277B44B300DC82C4 /* Poppins-Regular.ttf in Resources */,
			);
			runOnlyForDeploymentPostprocessing = 0;
		};
/* End PBXResourcesBuildPhase section */

/* Begin PBXShellScriptBuildPhase section */
		25E1D024610EF24BF69BCDF6 /* [CP] Embed Pods Frameworks */ = {
			isa = PBXShellScriptBuildPhase;
			buildActionMask = 2147483647;
			files = (
			);
			inputFileListPaths = (
				"${PODS_ROOT}/Target Support Files/Pods-iMovie/Pods-iMovie-frameworks-${CONFIGURATION}-input-files.xcfilelist",
			);
			name = "[CP] Embed Pods Frameworks";
			outputFileListPaths = (
				"${PODS_ROOT}/Target Support Files/Pods-iMovie/Pods-iMovie-frameworks-${CONFIGURATION}-output-files.xcfilelist",
			);
			runOnlyForDeploymentPostprocessing = 0;
			shellPath = /bin/sh;
			shellScript = "\"${PODS_ROOT}/Target Support Files/Pods-iMovie/Pods-iMovie-frameworks.sh\"\n";
			showEnvVarsInLog = 0;
		};
		E75D6AA3E33807E0F6221C55 /* [CP] Check Pods Manifest.lock */ = {
			isa = PBXShellScriptBuildPhase;
			buildActionMask = 2147483647;
			files = (
			);
			inputFileListPaths = (
			);
			inputPaths = (
				"${PODS_PODFILE_DIR_PATH}/Podfile.lock",
				"${PODS_ROOT}/Manifest.lock",
			);
			name = "[CP] Check Pods Manifest.lock";
			outputFileListPaths = (
			);
			outputPaths = (
				"$(DERIVED_FILE_DIR)/Pods-iMovie-checkManifestLockResult.txt",
			);
			runOnlyForDeploymentPostprocessing = 0;
			shellPath = /bin/sh;
			shellScript = "diff \"${PODS_PODFILE_DIR_PATH}/Podfile.lock\" \"${PODS_ROOT}/Manifest.lock\" > /dev/null\nif [ $? != 0 ] ; then\n    # print error to STDERR\n    echo \"error: The sandbox is not in sync with the Podfile.lock. Run 'pod install' or update your CocoaPods installation.\" >&2\n    exit 1\nfi\n# This output is used by Xcode 'outputs' to avoid re-running this script phase.\necho \"SUCCESS\" > \"${SCRIPT_OUTPUT_FILE_0}\"\n";
			showEnvVarsInLog = 0;
		};
/* End PBXShellScriptBuildPhase section */

/* Begin PBXSourcesBuildPhase section */
		CEF85F5C2777A82B00517ED7 /* Sources */ = {
			isa = PBXSourcesBuildPhase;
			buildActionMask = 2147483647;
			files = (
				1D04BB04278466E100C3B561 /* UINavigationController+Appearance.swift in Sources */,
				1D8BE069278C4AFC00BE7624 /* MoviesView.swift in Sources */,
				1DDAA3522778FEF200BDAE2B /* ProfileView.swift in Sources */,
				1D8BE064278C497000BE7624 /* NavigationBarView.swift in Sources */,
				CEF5150327962AB9007EF272 /* ActorViewModel.swift in Sources */,
				CEFC36CE278A480F00BB42A7 /* PasswordTextField.swift in Sources */,
				1D8BE066278C4A3500BE7624 /* CategoryPickerView.swift in Sources */,
				CEC3F16E278BB421006588FE /* TabBarIcon.swift in Sources */,
				CEF85F662777A82B00517ED7 /* SplashView.swift in Sources */,
				1DBD99AF277B58C600CD080A /* Font+App.swift in Sources */,
				CEA2A03B279C8F1400A0262F /* SearchView.swift in Sources */,
				CE01CB452789101300E69190 /* LoginViewModel.swift in Sources */,
				1DFD1841277A610D003EE880 /* VisualEffectView.swift in Sources */,
				CEC806E02788D11600207F38 /* GradientBackground.swift in Sources */,
				CEA2A04A279C9E5600A0262F /* SearchMovieCardView.swift in Sources */,
				CEC806E32788D22F00207F38 /* FancyTextField.swift in Sources */,
				CEF515062796346C007EF272 /* URLImage.swift in Sources */,
				1D8565DC278B26F9003B529A /* HomeView.swift in Sources */,
				CE41C164277E20A9009E4FF6 /* AppState.swift in Sources */,
				1D8565DE278B3FA2003B529A /* PageRouter.swift in Sources */,
				CEA2A04E279CAE5200A0262F /* StarsView.swift in Sources */,
				1DB0AFE42783A335006779D5 /* View+Placeholder.swift in Sources */,
				1DDAA3582779095000BDAE2B /* Color+App.swift in Sources */,
				CEF514FF27962941007EF272 /* ActorsViewModel.swift in Sources */,
				CE18CC44279350C100D4FC1B /* ActorsView.swift in Sources */,
				1D0AA0762784ECA90071E8D6 /* RatingCircleView.swift in Sources */,
				CEA2A03E279C8F4200A0262F /* SearchViewModel.swift in Sources */,
				1D4471012784D5CE008E636B /* iMovieCardView.swift in Sources */,
				CE0260822792409800F725CC /* UIApplication+Windows.swift in Sources */,
				CEA2A048279C926300A0262F /* MovieViewModel.swift in Sources */,
				CEF85F642777A82B00517ED7 /* iMovieApp.swift in Sources */,
				1DB0AFE22783A1F2006779D5 /* LoginView.swift in Sources */,
				CEA2A04C279C9FAF00A0262F /* Double+Extensions.swift in Sources */,
				CE18CC4227933E3100D4FC1B /* ActorView.swift in Sources */,
				CEFA54F3279F6CC400C9F0D4 /* LoadingCircle.swift in Sources */,
				CE96BA9B2778C19B00CB7C08 /* LottieView.swift in Sources */,
			);
			runOnlyForDeploymentPostprocessing = 0;
		};
/* End PBXSourcesBuildPhase section */

/* Begin XCBuildConfiguration section */
		CEF85F6C2777A82D00517ED7 /* Debug */ = {
			isa = XCBuildConfiguration;
			buildSettings = {
				ALWAYS_SEARCH_USER_PATHS = NO;
				CLANG_ANALYZER_NONNULL = YES;
				CLANG_ANALYZER_NUMBER_OBJECT_CONVERSION = YES_AGGRESSIVE;
				CLANG_CXX_LANGUAGE_STANDARD = "gnu++17";
				CLANG_CXX_LIBRARY = "libc++";
				CLANG_ENABLE_MODULES = YES;
				CLANG_ENABLE_OBJC_ARC = YES;
				CLANG_ENABLE_OBJC_WEAK = YES;
				CLANG_WARN_BLOCK_CAPTURE_AUTORELEASING = YES;
				CLANG_WARN_BOOL_CONVERSION = YES;
				CLANG_WARN_COMMA = YES;
				CLANG_WARN_CONSTANT_CONVERSION = YES;
				CLANG_WARN_DEPRECATED_OBJC_IMPLEMENTATIONS = YES;
				CLANG_WARN_DIRECT_OBJC_ISA_USAGE = YES_ERROR;
				CLANG_WARN_DOCUMENTATION_COMMENTS = YES;
				CLANG_WARN_EMPTY_BODY = YES;
				CLANG_WARN_ENUM_CONVERSION = YES;
				CLANG_WARN_INFINITE_RECURSION = YES;
				CLANG_WARN_INT_CONVERSION = YES;
				CLANG_WARN_NON_LITERAL_NULL_CONVERSION = YES;
				CLANG_WARN_OBJC_IMPLICIT_RETAIN_SELF = YES;
				CLANG_WARN_OBJC_LITERAL_CONVERSION = YES;
				CLANG_WARN_OBJC_ROOT_CLASS = YES_ERROR;
				CLANG_WARN_QUOTED_INCLUDE_IN_FRAMEWORK_HEADER = YES;
				CLANG_WARN_RANGE_LOOP_ANALYSIS = YES;
				CLANG_WARN_STRICT_PROTOTYPES = YES;
				CLANG_WARN_SUSPICIOUS_MOVE = YES;
				CLANG_WARN_UNGUARDED_AVAILABILITY = YES_AGGRESSIVE;
				CLANG_WARN_UNREACHABLE_CODE = YES;
				CLANG_WARN__DUPLICATE_METHOD_MATCH = YES;
				COPY_PHASE_STRIP = NO;
				DEBUG_INFORMATION_FORMAT = dwarf;
				ENABLE_STRICT_OBJC_MSGSEND = YES;
				ENABLE_TESTABILITY = YES;
				GCC_C_LANGUAGE_STANDARD = gnu11;
				GCC_DYNAMIC_NO_PIC = NO;
				GCC_NO_COMMON_BLOCKS = YES;
				GCC_OPTIMIZATION_LEVEL = 0;
				GCC_PREPROCESSOR_DEFINITIONS = (
					"DEBUG=1",
					"$(inherited)",
				);
				GCC_WARN_64_TO_32_BIT_CONVERSION = YES;
				GCC_WARN_ABOUT_RETURN_TYPE = YES_ERROR;
				GCC_WARN_UNDECLARED_SELECTOR = YES;
				GCC_WARN_UNINITIALIZED_AUTOS = YES_AGGRESSIVE;
				GCC_WARN_UNUSED_FUNCTION = YES;
				GCC_WARN_UNUSED_VARIABLE = YES;
				IPHONEOS_DEPLOYMENT_TARGET = 15.0;
				MTL_ENABLE_DEBUG_INFO = INCLUDE_SOURCE;
				MTL_FAST_MATH = YES;
				ONLY_ACTIVE_ARCH = YES;
				SDKROOT = iphoneos;
				SWIFT_ACTIVE_COMPILATION_CONDITIONS = DEBUG;
				SWIFT_OPTIMIZATION_LEVEL = "-Onone";
			};
			name = Debug;
		};
		CEF85F6D2777A82D00517ED7 /* Release */ = {
			isa = XCBuildConfiguration;
			buildSettings = {
				ALWAYS_SEARCH_USER_PATHS = NO;
				CLANG_ANALYZER_NONNULL = YES;
				CLANG_ANALYZER_NUMBER_OBJECT_CONVERSION = YES_AGGRESSIVE;
				CLANG_CXX_LANGUAGE_STANDARD = "gnu++17";
				CLANG_CXX_LIBRARY = "libc++";
				CLANG_ENABLE_MODULES = YES;
				CLANG_ENABLE_OBJC_ARC = YES;
				CLANG_ENABLE_OBJC_WEAK = YES;
				CLANG_WARN_BLOCK_CAPTURE_AUTORELEASING = YES;
				CLANG_WARN_BOOL_CONVERSION = YES;
				CLANG_WARN_COMMA = YES;
				CLANG_WARN_CONSTANT_CONVERSION = YES;
				CLANG_WARN_DEPRECATED_OBJC_IMPLEMENTATIONS = YES;
				CLANG_WARN_DIRECT_OBJC_ISA_USAGE = YES_ERROR;
				CLANG_WARN_DOCUMENTATION_COMMENTS = YES;
				CLANG_WARN_EMPTY_BODY = YES;
				CLANG_WARN_ENUM_CONVERSION = YES;
				CLANG_WARN_INFINITE_RECURSION = YES;
				CLANG_WARN_INT_CONVERSION = YES;
				CLANG_WARN_NON_LITERAL_NULL_CONVERSION = YES;
				CLANG_WARN_OBJC_IMPLICIT_RETAIN_SELF = YES;
				CLANG_WARN_OBJC_LITERAL_CONVERSION = YES;
				CLANG_WARN_OBJC_ROOT_CLASS = YES_ERROR;
				CLANG_WARN_QUOTED_INCLUDE_IN_FRAMEWORK_HEADER = YES;
				CLANG_WARN_RANGE_LOOP_ANALYSIS = YES;
				CLANG_WARN_STRICT_PROTOTYPES = YES;
				CLANG_WARN_SUSPICIOUS_MOVE = YES;
				CLANG_WARN_UNGUARDED_AVAILABILITY = YES_AGGRESSIVE;
				CLANG_WARN_UNREACHABLE_CODE = YES;
				CLANG_WARN__DUPLICATE_METHOD_MATCH = YES;
				COPY_PHASE_STRIP = NO;
				DEBUG_INFORMATION_FORMAT = "dwarf-with-dsym";
				ENABLE_NS_ASSERTIONS = NO;
				ENABLE_STRICT_OBJC_MSGSEND = YES;
				GCC_C_LANGUAGE_STANDARD = gnu11;
				GCC_NO_COMMON_BLOCKS = YES;
				GCC_WARN_64_TO_32_BIT_CONVERSION = YES;
				GCC_WARN_ABOUT_RETURN_TYPE = YES_ERROR;
				GCC_WARN_UNDECLARED_SELECTOR = YES;
				GCC_WARN_UNINITIALIZED_AUTOS = YES_AGGRESSIVE;
				GCC_WARN_UNUSED_FUNCTION = YES;
				GCC_WARN_UNUSED_VARIABLE = YES;
				IPHONEOS_DEPLOYMENT_TARGET = 15.0;
				MTL_ENABLE_DEBUG_INFO = NO;
				MTL_FAST_MATH = YES;
				SDKROOT = iphoneos;
				SWIFT_COMPILATION_MODE = wholemodule;
				SWIFT_OPTIMIZATION_LEVEL = "-O";
				VALIDATE_PRODUCT = YES;
			};
			name = Release;
		};
		CEF85F6F2777A82D00517ED7 /* Debug */ = {
			isa = XCBuildConfiguration;
			baseConfigurationReference = 458ABE4AE6C093C3075B7735 /* Pods-iMovie.debug.xcconfig */;
			buildSettings = {
				ASSETCATALOG_COMPILER_APPICON_NAME = AppIcon;
				ASSETCATALOG_COMPILER_GLOBAL_ACCENT_COLOR_NAME = AccentColor;
				CODE_SIGN_STYLE = Automatic;
				CURRENT_PROJECT_VERSION = 1;
				DEVELOPMENT_ASSET_PATHS = "\"iMovie/Preview Content\"";
				DEVELOPMENT_TEAM = U5L5GQC4UP;
				ENABLE_PREVIEWS = YES;
				GENERATE_INFOPLIST_FILE = YES;
				INFOPLIST_FILE = "iMovie/Supporting Files/Info.plist";
				INFOPLIST_KEY_UIApplicationSceneManifest_Generation = YES;
				INFOPLIST_KEY_UIApplicationSupportsIndirectInputEvents = YES;
				INFOPLIST_KEY_UISupportedInterfaceOrientations_iPad = "UIInterfaceOrientationPortrait UIInterfaceOrientationPortraitUpsideDown UIInterfaceOrientationLandscapeLeft UIInterfaceOrientationLandscapeRight";
				INFOPLIST_KEY_UISupportedInterfaceOrientations_iPhone = "UIInterfaceOrientationPortrait UIInterfaceOrientationLandscapeLeft UIInterfaceOrientationLandscapeRight";
				IPHONEOS_DEPLOYMENT_TARGET = 15.0;
				LD_RUNPATH_SEARCH_PATHS = (
					"$(inherited)",
					"@executable_path/Frameworks",
				);
				MARKETING_VERSION = 1.0;
				PRODUCT_BUNDLE_IDENTIFIER = com.iMovie.iMovieStar;
				PRODUCT_NAME = "$(TARGET_NAME)";
				SWIFT_EMIT_LOC_STRINGS = YES;
				SWIFT_VERSION = 5.0;
				TARGETED_DEVICE_FAMILY = 1;
			};
			name = Debug;
		};
		CEF85F702777A82D00517ED7 /* Release */ = {
			isa = XCBuildConfiguration;
			baseConfigurationReference = C7C5ACE2C30C85000DD6DBBA /* Pods-iMovie.release.xcconfig */;
			buildSettings = {
				ASSETCATALOG_COMPILER_APPICON_NAME = AppIcon;
				ASSETCATALOG_COMPILER_GLOBAL_ACCENT_COLOR_NAME = AccentColor;
				CODE_SIGN_STYLE = Automatic;
				CURRENT_PROJECT_VERSION = 1;
				DEVELOPMENT_ASSET_PATHS = "\"iMovie/Preview Content\"";
				DEVELOPMENT_TEAM = U5L5GQC4UP;
				ENABLE_PREVIEWS = YES;
				GENERATE_INFOPLIST_FILE = YES;
				INFOPLIST_FILE = "iMovie/Supporting Files/Info.plist";
				INFOPLIST_KEY_UIApplicationSceneManifest_Generation = YES;
				INFOPLIST_KEY_UIApplicationSupportsIndirectInputEvents = YES;
				INFOPLIST_KEY_UISupportedInterfaceOrientations_iPad = "UIInterfaceOrientationPortrait UIInterfaceOrientationPortraitUpsideDown UIInterfaceOrientationLandscapeLeft UIInterfaceOrientationLandscapeRight";
				INFOPLIST_KEY_UISupportedInterfaceOrientations_iPhone = "UIInterfaceOrientationPortrait UIInterfaceOrientationLandscapeLeft UIInterfaceOrientationLandscapeRight";
				IPHONEOS_DEPLOYMENT_TARGET = 15.0;
				LD_RUNPATH_SEARCH_PATHS = (
					"$(inherited)",
					"@executable_path/Frameworks",
				);
				MARKETING_VERSION = 1.0;
				PRODUCT_BUNDLE_IDENTIFIER = com.iMovie.iMovieStar;
				PRODUCT_NAME = "$(TARGET_NAME)";
				SWIFT_EMIT_LOC_STRINGS = YES;
				SWIFT_VERSION = 5.0;
				TARGETED_DEVICE_FAMILY = 1;
			};
			name = Release;
		};
/* End XCBuildConfiguration section */

/* Begin XCConfigurationList section */
		CEF85F5B2777A82B00517ED7 /* Build configuration list for PBXProject "iMovie" */ = {
			isa = XCConfigurationList;
			buildConfigurations = (
				CEF85F6C2777A82D00517ED7 /* Debug */,
				CEF85F6D2777A82D00517ED7 /* Release */,
			);
			defaultConfigurationIsVisible = 0;
			defaultConfigurationName = Release;
		};
		CEF85F6E2777A82D00517ED7 /* Build configuration list for PBXNativeTarget "iMovie" */ = {
			isa = XCConfigurationList;
			buildConfigurations = (
				CEF85F6F2777A82D00517ED7 /* Debug */,
				CEF85F702777A82D00517ED7 /* Release */,
			);
			defaultConfigurationIsVisible = 0;
			defaultConfigurationName = Release;
		};
/* End XCConfigurationList section */
	};
	rootObject = CEF85F582777A82B00517ED7 /* Project object */;
}
